{
  "version": 4,
  "terraform_version": "1.9.8",
  "serial": 52,
  "lineage": "7275fb72-9b43-09c0-6d4a-99baf2b938be",
  "outputs": {
    "ec2_devops_gha_runner_private_ip": {
      "value": "10.0.4.184",
      "type": "string"
    },
    "ecr_repo_arn": {
      "value": "arn:aws:ecr:us-east-1:058264138725:repository/prd-barkuni-repo",
      "type": "string"
    }
  },
  "resources": [
    {
      "mode": "data",
      "type": "aws_ami",
      "name": "ubuntu",
      "provider": "provider[\"registry.terraform.io/hashicorp/aws\"]",
      "instances": [
        {
          "schema_version": 0,
          "attributes": {
            "architecture": "x86_64",
            "arn": "arn:aws:ec2:us-east-1::image/ami-045c65cc0b1132574",
            "block_device_mappings": [
              {
                "device_name": "/dev/sda1",
                "ebs": {
                  "delete_on_termination": "true",
                  "encrypted": "false",
                  "iops": "0",
                  "snapshot_id": "snap-0a10967225aa2c923",
                  "throughput": "0",
                  "volume_size": "8",
                  "volume_type": "gp3"
                },
                "no_device": "",
                "virtual_name": ""
              },
              {
                "device_name": "/dev/sdb",
                "ebs": {},
                "no_device": "",
                "virtual_name": "ephemeral0"
              },
              {
                "device_name": "/dev/sdc",
                "ebs": {},
                "no_device": "",
                "virtual_name": "ephemeral1"
              }
            ],
            "boot_mode": "uefi-preferred",
            "creation_date": "2024-10-11T09:51:53.000Z",
            "deprecation_time": "2026-10-11T09:51:53.000Z",
            "description": "Canonical, Ubuntu Server Pro, 24.04 LTS, amd64 noble image",
            "ena_support": true,
            "executable_users": null,
            "filter": [
              {
                "name": "name",
                "values": [
                  "ubuntu-pro-server/images/hvm-ssd-gp3/ubuntu-noble-24.04-amd64-pro-server-*"
                ]
              }
            ],
            "hypervisor": "xen",
            "id": "ami-045c65cc0b1132574",
            "image_id": "ami-045c65cc0b1132574",
            "image_location": "amazon/ubuntu-pro-server/images/hvm-ssd-gp3/ubuntu-noble-24.04-amd64-pro-server-20241011",
            "image_owner_alias": "amazon",
            "image_type": "machine",
            "imds_support": "v2.0",
            "include_deprecated": false,
            "kernel_id": "",
            "most_recent": true,
            "name": "ubuntu-pro-server/images/hvm-ssd-gp3/ubuntu-noble-24.04-amd64-pro-server-20241011",
            "name_regex": null,
            "owner_id": "099720109477",
            "owners": [
              "099720109477"
            ],
            "platform": "",
            "platform_details": "Ubuntu Pro Linux",
            "product_codes": [],
            "public": true,
            "ramdisk_id": "",
            "root_device_name": "/dev/sda1",
            "root_device_type": "ebs",
            "root_snapshot_id": "snap-0a10967225aa2c923",
            "sriov_net_support": "simple",
            "state": "available",
            "state_reason": {
              "code": "UNSET",
              "message": "UNSET"
            },
            "tags": {},
            "timeouts": null,
            "tpm_support": "",
            "usage_operation": "RunInstances:0g00",
            "virtualization_type": "hvm"
          },
          "sensitive_attributes": []
        }
      ]
    },
    {
      "mode": "data",
      "type": "aws_iam_policy_document",
      "name": "bakuni_doc",
      "provider": "provider[\"registry.terraform.io/hashicorp/aws\"]",
      "instances": [
        {
          "schema_version": 0,
          "attributes": {
            "id": "2634723382",
            "json": "{\n  \"Version\": \"2012-10-17\",\n  \"Statement\": [\n    {\n      \"Sid\": \"IPAllow\",\n      \"Effect\": \"Allow\",\n      \"Action\": \"ecr:*\",\n      \"Principal\": {\n        \"AWS\": \"058264138725\"\n      },\n      \"Condition\": {\n        \"IpAddress\": {\n          \"aws:SourceIp\": \"54.144.161.153/32\"\n        }\n      }\n    }\n  ]\n}",
            "minified_json": "{\"Version\":\"2012-10-17\",\"Statement\":[{\"Sid\":\"IPAllow\",\"Effect\":\"Allow\",\"Action\":\"ecr:*\",\"Principal\":{\"AWS\":\"058264138725\"},\"Condition\":{\"IpAddress\":{\"aws:SourceIp\":\"54.144.161.153/32\"}}}]}",
            "override_json": null,
            "override_policy_documents": null,
            "policy_id": null,
            "source_json": null,
            "source_policy_documents": null,
            "statement": [
              {
                "actions": [
                  "ecr:*"
                ],
                "condition": [
                  {
                    "test": "IpAddress",
                    "values": [
                      "54.144.161.153/32"
                    ],
                    "variable": "aws:SourceIp"
                  }
                ],
                "effect": "Allow",
                "not_actions": [],
                "not_principals": [],
                "not_resources": [],
                "principals": [
                  {
                    "identifiers": [
                      "058264138725"
                    ],
                    "type": "AWS"
                  }
                ],
                "resources": [],
                "sid": "IPAllow"
              }
            ],
            "version": "2012-10-17"
          },
          "sensitive_attributes": []
        }
      ]
    },
    {
      "mode": "managed",
      "type": "aws_ecr_repository",
      "name": "barkuni_repo",
      "provider": "provider[\"registry.terraform.io/hashicorp/aws\"]",
      "instances": [
        {
          "schema_version": 0,
          "attributes": {
            "arn": "arn:aws:ecr:us-east-1:058264138725:repository/prd-barkuni-repo",
            "encryption_configuration": [
              {
                "encryption_type": "AES256",
                "kms_key": ""
              }
            ],
            "force_delete": null,
            "id": "prd-barkuni-repo",
            "image_scanning_configuration": [
              {
                "scan_on_push": true
              }
            ],
            "image_tag_mutability": "MUTABLE",
            "name": "prd-barkuni-repo",
            "registry_id": "058264138725",
            "repository_url": "058264138725.dkr.ecr.us-east-1.amazonaws.com/prd-barkuni-repo",
            "tags": {},
            "tags_all": {
              "Application": "devops-gha-runner",
              "DeployedBy": "terraform",
              "Environment": "production",
              "OwnerEmail": "devops@demo.com",
              "Project": "terraform ec2",
              "Team": "devops"
            },
            "timeouts": null
          },
          "sensitive_attributes": [],
          "private": "eyJlMmJmYjczMC1lY2FhLTExZTYtOGY4OC0zNDM2M2JjN2M0YzAiOnsiZGVsZXRlIjoxMjAwMDAwMDAwMDAwfX0="
        }
      ]
    },
    {
      "mode": "managed",
      "type": "aws_ecr_repository_policy",
      "name": "barkuni_policy",
      "provider": "provider[\"registry.terraform.io/hashicorp/aws\"]",
      "instances": [
        {
          "schema_version": 0,
          "attributes": {
            "id": "prd-barkuni-repo",
            "policy": "{\"Statement\":[{\"Action\":\"ecr:*\",\"Condition\":{\"IpAddress\":{\"aws:SourceIp\":\"54.144.161.153/32\"}},\"Effect\":\"Allow\",\"Principal\":{\"AWS\":\"058264138725\"},\"Sid\":\"IPAllow\"}],\"Version\":\"2012-10-17\"}",
            "registry_id": "058264138725",
            "repository": "prd-barkuni-repo"
          },
          "sensitive_attributes": [],
          "private": "bnVsbA==",
          "dependencies": [
            "aws_ecr_repository.barkuni_repo",
            "data.aws_iam_policy_document.bakuni_doc"
          ]
        }
      ]
    },
    {
      "mode": "managed",
      "type": "aws_instance",
      "name": "gha_runner",
      "provider": "provider[\"registry.terraform.io/hashicorp/aws\"]",
      "instances": [
        {
          "schema_version": 1,
          "attributes": {
            "ami": "ami-045c65cc0b1132574",
            "arn": "arn:aws:ec2:us-east-1:058264138725:instance/i-0caeaaf99859d12c7",
            "associate_public_ip_address": false,
            "availability_zone": "us-east-1a",
            "capacity_reservation_specification": [
              {
                "capacity_reservation_preference": "open",
                "capacity_reservation_target": []
              }
            ],
            "cpu_core_count": 1,
            "cpu_options": [
              {
                "amd_sev_snp": "",
                "core_count": 1,
                "threads_per_core": 2
              }
            ],
            "cpu_threads_per_core": 2,
            "credit_specification": [
              {
                "cpu_credits": "unlimited"
              }
            ],
            "disable_api_stop": false,
            "disable_api_termination": false,
            "ebs_block_device": [],
            "ebs_optimized": false,
            "enclave_options": [
              {
                "enabled": false
              }
            ],
            "ephemeral_block_device": [],
            "get_password_data": false,
            "hibernation": false,
            "host_id": "",
            "host_resource_group_arn": null,
            "iam_instance_profile": "",
            "id": "i-0caeaaf99859d12c7",
            "instance_initiated_shutdown_behavior": "stop",
            "instance_lifecycle": "",
            "instance_market_options": [],
            "instance_state": "running",
            "instance_type": "t3a.medium",
            "ipv6_address_count": 0,
            "ipv6_addresses": [],
            "key_name": "ec2-key",
            "launch_template": [],
            "maintenance_options": [
              {
                "auto_recovery": "default"
              }
            ],
            "metadata_options": [
              {
                "http_endpoint": "enabled",
                "http_protocol_ipv6": "disabled",
                "http_put_response_hop_limit": 2,
                "http_tokens": "required",
                "instance_metadata_tags": "disabled"
              }
            ],
            "monitoring": false,
            "network_interface": [],
            "outpost_arn": "",
            "password_data": "",
            "placement_group": "",
            "placement_partition_number": 0,
            "primary_network_interface_id": "eni-04702155eb47454a7",
            "private_dns": "ip-10-0-4-184.ec2.internal",
            "private_dns_name_options": [
              {
                "enable_resource_name_dns_a_record": false,
                "enable_resource_name_dns_aaaa_record": false,
                "hostname_type": "ip-name"
              }
            ],
            "private_ip": "10.0.4.184",
            "public_dns": "",
            "public_ip": "",
            "root_block_device": [
              {
                "delete_on_termination": true,
                "device_name": "/dev/sda1",
                "encrypted": false,
                "iops": 3000,
                "kms_key_id": "",
                "tags": {
                  "Application": "devops-gha-runner",
                  "DeployedBy": "terraform",
                  "Environment": "production",
                  "OwnerEmail": "devops@demo.com",
                  "Project": "terraform ec2",
                  "Team": "devops"
                },
                "tags_all": {
                  "Application": "devops-gha-runner",
                  "DeployedBy": "terraform",
                  "Environment": "production",
                  "OwnerEmail": "devops@demo.com",
                  "Project": "terraform ec2",
                  "Team": "devops"
                },
                "throughput": 125,
                "volume_id": "vol-055f84289621c6975",
                "volume_size": 8,
                "volume_type": "gp3"
              }
            ],
            "secondary_private_ips": [],
            "security_groups": [],
            "source_dest_check": true,
            "spot_instance_request_id": "",
            "subnet_id": "subnet-0460696ffc4572245",
            "tags": {
              "Name": "prd-devops-gha-runner"
            },
            "tags_all": {
              "Application": "devops-gha-runner",
              "DeployedBy": "terraform",
              "Environment": "production",
              "Name": "prd-devops-gha-runner",
              "OwnerEmail": "devops@demo.com",
              "Project": "terraform ec2",
              "Team": "devops"
            },
            "tenancy": "default",
            "timeouts": null,
            "user_data": "acba6404c2a1317fcebe95a1179ef728ed0c6b8c",
            "user_data_base64": null,
            "user_data_replace_on_change": false,
            "volume_tags": null,
            "vpc_security_group_ids": [
              "sg-0a135deeeb01c9dcb"
            ]
          },
          "sensitive_attributes": [],
          "private": "eyJlMmJmYjczMC1lY2FhLTExZTYtOGY4OC0zNDM2M2JjN2M0YzAiOnsiY3JlYXRlIjo2MDAwMDAwMDAwMDAsImRlbGV0ZSI6MTIwMDAwMDAwMDAwMCwicmVhZCI6OTAwMDAwMDAwMDAwLCJ1cGRhdGUiOjYwMDAwMDAwMDAwMH0sInNjaGVtYV92ZXJzaW9uIjoiMSJ9",
          "dependencies": [
            "aws_key_pair.generated_key",
            "aws_security_group.gha_sg",
            "data.aws_ami.ubuntu",
            "tls_private_key.ec2_key"
          ]
        }
      ]
    },
    {
      "mode": "managed",
      "type": "aws_key_pair",
      "name": "generated_key",
      "provider": "provider[\"registry.terraform.io/hashicorp/aws\"]",
      "instances": [
        {
          "schema_version": 1,
          "attributes": {
            "arn": "arn:aws:ec2:us-east-1:058264138725:key-pair/ec2-key",
            "fingerprint": "c5:98:22:c4:06:5c:65:cb:91:60:a1:2a:dd:29:36:60",
            "id": "ec2-key",
            "key_name": "ec2-key",
            "key_name_prefix": "",
            "key_pair_id": "key-072d0ea30ad45184b",
            "key_type": "rsa",
            "public_key": "ssh-rsa AAAAB3NzaC1yc2EAAAADAQABAAABAQDB/cbEaf9NWi2FmurPVXOr/p65GbY0Q9XxH+yphSTLNG8tl8/IHB7tiOlI17EThdaF5wk1zXQBWXYtiARpfPqFjQM51dspl8lJoZ1iPYUojPn+5Rw6dnmkRz6M3woFnnArxq8EXx3yyPWAy34HvyRhbjwgZW9jS8tPwRjggDMp3TU5ciBzUkt2SOaPLIAl7lnXJMWHWT0PXtIu/Vv+4/wlbCSC2oPTs4O8ly4LKvsZC8oOKVzuKYBd/kN9ReO78uyD9KGOf0I2C1KxLj0K8kO5PbZ2oIRQbsUzfCaZIBItMoXAxJaqDVa5jLYosWf/ZThMlYyLh1k/bDVdGMvqW5bN",
            "tags": {},
            "tags_all": {
              "Application": "devops-gha-runner",
              "DeployedBy": "terraform",
              "Environment": "production",
              "OwnerEmail": "devops@demo.com",
              "Project": "terraform ec2",
              "Team": "devops"
            }
          },
          "sensitive_attributes": [],
          "private": "eyJzY2hlbWFfdmVyc2lvbiI6IjEifQ==",
          "dependencies": [
            "tls_private_key.ec2_key"
          ]
        }
      ]
    },
    {
      "mode": "managed",
      "type": "aws_security_group",
      "name": "gha_sg",
      "provider": "provider[\"registry.terraform.io/hashicorp/aws\"]",
      "instances": [
        {
          "schema_version": 1,
          "attributes": {
            "arn": "arn:aws:ec2:us-east-1:058264138725:security-group/sg-0a135deeeb01c9dcb",
            "description": "prd-devops-gha-runner-sg",
            "egress": [
              {
                "cidr_blocks": [
                  "0.0.0.0/0"
                ],
                "description": "",
                "from_port": 0,
                "ipv6_cidr_blocks": [],
                "prefix_list_ids": [],
                "protocol": "-1",
                "security_groups": [],
                "self": false,
                "to_port": 0
              }
            ],
            "id": "sg-0a135deeeb01c9dcb",
            "ingress": [],
            "name": "prd-devops-gha-runner-sg",
            "name_prefix": "",
            "owner_id": "058264138725",
            "revoke_rules_on_delete": false,
            "tags": {
              "Name": "prd-devops-gha-runner-sg"
            },
            "tags_all": {
              "Application": "devops-gha-runner",
              "DeployedBy": "terraform",
              "Environment": "production",
              "Name": "prd-devops-gha-runner-sg",
              "OwnerEmail": "devops@demo.com",
              "Project": "terraform ec2",
              "Team": "devops"
            },
            "timeouts": null,
            "vpc_id": "vpc-06d92c677740b17c7"
          },
          "sensitive_attributes": [],
          "private": "eyJlMmJmYjczMC1lY2FhLTExZTYtOGY4OC0zNDM2M2JjN2M0YzAiOnsiY3JlYXRlIjo2MDAwMDAwMDAwMDAsImRlbGV0ZSI6OTAwMDAwMDAwMDAwfSwic2NoZW1hX3ZlcnNpb24iOiIxIn0="
        }
      ]
    },
    {
      "mode": "managed",
      "type": "local_file",
      "name": "private_key",
      "provider": "provider[\"registry.terraform.io/hashicorp/local\"]",
      "instances": [
        {
          "schema_version": 0,
          "attributes": {
            "content": "-----BEGIN RSA PRIVATE KEY-----\nMIIEowIBAAKCAQEAwf3GxGn/TVothZrqz1Vzq/6euRm2NEPV8R/sqYUkyzRvLZfP\nyBwe7YjpSNexE4XWhecJNc10AVl2LYgEaXz6hY0DOdXbKZfJSaGdYj2FKIz5/uUc\nOnZ5pEc+jN8KBZ5wK8avBF8d8sj1gMt+B78kYW48IGVvY0vLT8EY4IAzKd01OXIg\nc1JLdkjmjyyAJe5Z1yTFh1k9D17SLv1b/uP8JWwkgtqD07ODvJcuCyr7GQvKDilc\n7imAXf5DfUXju/Lsg/Shjn9CNgtSsS49CvJDuT22dqCEUG7FM3wmmSASLTKFwMSW\nqg1WuYy2KLFn/2U4TJWMi4dZP2w1XRjL6luWzQIDAQABAoIBAC1+HwPmu6lfMXe4\nicJPjs3R61ULM5B0LBLc4roqcCN7S2tMw7xw48vepJ6hfnROma1TLfTBFqhOW4l3\n8Vjvpyx0kkIY5cmOP/UVgnwMY1LMJMBi6EjJieM9leyhTY9dxX5unJKQ38wU1oX6\nsraMW7LBkDYks4d8udQdO4FCbz0sqqcq3XAC3E8AJ9OPK9oVtHLA8nBbFOz56Pp8\nsrqCcbgkzKQmKEXO+xSwRUczOEaKWmQ+8jWnNZD+Gfc4J7d3dQb4g76wwAoHkydp\nX9xtGS2QE1FFe6xiwZb7taHT2B52wBN5A60eSwI5ktpwglUkkQL1Rhimw7D/ErTp\nMJ9r0+ECgYEAw258LdVdoQtLqqN0n2YKr/bEwUBuy+ZCIDxjE+TEEXWgMs/xVmno\nBda0PsNqO9JVNX2BrT6Yqs0RR4pwu3c9CUDQtDtDpxWeEFseVYAtuTsL32CozFns\nUFYkRrG1hDv1mta8+C6YQOqmmbtEp8sdqga95JZk+PtE7cILdujHH9kCgYEA/h0F\nS5mrgNP0CtZuR+bKYtxFWIXJdOhNhGrwAtsXkVzR6TAkDXMAfvPwZN7F1hVhsqdz\n5HHlGQ55b5eVh2tAboHC435/zciziBQxIWUS5tPsbs7Lx1KhvROfhbsvKCWXwWKB\n9il4+xT2+7JHRsw9/fthm5DpeGfz+zvo2DPTihUCgYBplLEF2fWhYYbZg0EoNGql\nsf2OIg85nQYwgC9OuhKrFA8eJHVPqBuvu9TY653i/7kFEu8R93VnIS6qpcJNpReW\nfivCkxnzlJw2XeO/cWZCYgICBihrblFa/Y7PmoZkEDiaFFU3B4U93Qdwmll3BSbb\nipTgf9fBI46TnHexIAUj0QKBgCByNCrjBDL+3TpFBu/HWDAnT/Ntobt7reoqfVrf\n/rJg16yeqPvOo1GSdC9tAnXDZSYam4GfyVDZuEe3YzBXUXLKvsetb0QnTEUjzuIk\ntbUjehzr6rkYo+4wgz3gGLVXl3jpyw5TXU8x7hdVPCSeD4xOfLgQWL83BsAddi2k\n8G3BAoGBALW4aPT0Qp2izEPxqCIz1YggT+/aYz60V4c2gywIcsAbRyGOu45DrUyU\nLRl0rLc/HE1SiXWLVKVMiX657iJyCcIC253NV70+a08DJrHvdKziAVn5h2aeHmXy\n96OD6NZXpcoNJMqK9ur4xlqev6getpyUqDjNu1oZXbK9rcbqFuGB\n-----END RSA PRIVATE KEY-----\n",
            "content_base64": null,
            "content_base64sha256": "7wfPrPtPnmq/6EdbrilD7YbzHmIPfpILYw93gcS8XRI=",
            "content_base64sha512": "xcEqIf8zRwPZMyLVFGCK2rOH9oy77E4UZnXMbio92xYM2J1UX1PgSaxO+zkc8stz2sBztUyz1qI3JtNmhImKSw==",
            "content_md5": "ee20e43d8b576281259bb6403cf41a4a",
            "content_sha1": "e004197b1538bf4f252a8f94906507cfdb96c8ed",
            "content_sha256": "ef07cfacfb4f9e6abfe8475bae2943ed86f31e620f7e920b630f7781c4bc5d12",
            "content_sha512": "c5c12a21ff334703d93322d514608adab387f68cbbec4e146675cc6e2a3ddb160cd89d545f53e049ac4efb391cf2cb73dac073b54cb3d6a23726d36684898a4b",
            "directory_permission": "0777",
            "file_permission": "0777",
            "filename": "./instance_key.pem",
            "id": "e004197b1538bf4f252a8f94906507cfdb96c8ed",
            "sensitive_content": null,
            "source": null
          },
          "sensitive_attributes": [
            [
              {
                "type": "get_attr",
                "value": "sensitive_content"
              }
            ],
            [
              {
                "type": "get_attr",
                "value": "content"
              }
            ]
          ],
          "dependencies": [
            "tls_private_key.ec2_key"
          ]
        }
      ]
    },
    {
      "mode": "managed",
      "type": "tls_private_key",
      "name": "ec2_key",
      "provider": "provider[\"registry.terraform.io/hashicorp/tls\"]",
      "instances": [
        {
          "schema_version": 1,
          "attributes": {
            "algorithm": "RSA",
            "ecdsa_curve": "P224",
            "id": "fc81054784ab9d4d37c52914384a886af42f4f70",
            "private_key_openssh": "-----BEGIN OPENSSH PRIVATE KEY-----\nb3BlbnNzaC1rZXktdjEAAAAABG5vbmUAAAAEbm9uZQAAAAAAAAABAAABFwAAAAdz\nc2gtcnNhAAAAAwEAAQAAAQEAwf3GxGn/TVothZrqz1Vzq/6euRm2NEPV8R/sqYUk\nyzRvLZfPyBwe7YjpSNexE4XWhecJNc10AVl2LYgEaXz6hY0DOdXbKZfJSaGdYj2F\nKIz5/uUcOnZ5pEc+jN8KBZ5wK8avBF8d8sj1gMt+B78kYW48IGVvY0vLT8EY4IAz\nKd01OXIgc1JLdkjmjyyAJe5Z1yTFh1k9D17SLv1b/uP8JWwkgtqD07ODvJcuCyr7\nGQvKDilc7imAXf5DfUXju/Lsg/Shjn9CNgtSsS49CvJDuT22dqCEUG7FM3wmmSAS\nLTKFwMSWqg1WuYy2KLFn/2U4TJWMi4dZP2w1XRjL6luWzQAAA7jkww4P5MMODwAA\nAAdzc2gtcnNhAAABAQDB/cbEaf9NWi2FmurPVXOr/p65GbY0Q9XxH+yphSTLNG8t\nl8/IHB7tiOlI17EThdaF5wk1zXQBWXYtiARpfPqFjQM51dspl8lJoZ1iPYUojPn+\n5Rw6dnmkRz6M3woFnnArxq8EXx3yyPWAy34HvyRhbjwgZW9jS8tPwRjggDMp3TU5\nciBzUkt2SOaPLIAl7lnXJMWHWT0PXtIu/Vv+4/wlbCSC2oPTs4O8ly4LKvsZC8oO\nKVzuKYBd/kN9ReO78uyD9KGOf0I2C1KxLj0K8kO5PbZ2oIRQbsUzfCaZIBItMoXA\nxJaqDVa5jLYosWf/ZThMlYyLh1k/bDVdGMvqW5bNAAAAAwEAAQAAAQAtfh8D5rup\nXzF3uInCT47N0etVCzOQdCwS3OK6KnAje0trTMO8cOPL3qSeoX50TpmtUy30wRao\nTluJd/FY76csdJJCGOXJjj/1FYJ8DGNSzCTAYuhIyYnjPZXsoU2PXcV+bpySkN/M\nFNaF+rK2jFuywZA2JLOHfLnUHTuBQm89LKqnKt1wAtxPACfTjyvaFbRywPJwWxTs\n+ej6fLK6gnG4JMykJihFzvsUsEVHMzhGilpkPvI1pzWQ/hn3OCe3d3UG+IO+sMAK\nB5MnaV/cbRktkBNRRXusYsGW+7Wh09gedsATeQOtHksCOZLacIJVJJEC9UYYpsOw\n/xK06TCfa9PhAAAAgQC1uGj09EKdosxD8agiM9WIIE/v2mM+tFeHNoMsCHLAG0ch\njruOQ61MlC0ZdKy3PxxNUol1i1SlTIl+ue4icgnCAtudzVe9PmtPAyax73Ss4gFZ\n+Ydmnh5l8vejg+jWV6XKDSTKivbq+MZanr+oHraclKg4zbtaGV2yva3G6hbhgQAA\nAIEAw258LdVdoQtLqqN0n2YKr/bEwUBuy+ZCIDxjE+TEEXWgMs/xVmnoBda0PsNq\nO9JVNX2BrT6Yqs0RR4pwu3c9CUDQtDtDpxWeEFseVYAtuTsL32CozFnsUFYkRrG1\nhDv1mta8+C6YQOqmmbtEp8sdqga95JZk+PtE7cILdujHH9kAAACBAP4dBUuZq4DT\n9ArWbkfmymLcRViFyXToTYRq8ALbF5Fc0ekwJA1zAH7z8GTexdYVYbKnc+Rx5RkO\neW+XlYdrQG6BwuN+f83Is4gUMSFlEubT7G7Oy8dSob0Tn4W7Lygll8FigfYpePsU\n9vuyR0bMPf37YZuQ6Xhn8/s76Ngz04oVAAAAAAEC\n-----END OPENSSH PRIVATE KEY-----\n",
            "private_key_pem": "-----BEGIN RSA PRIVATE KEY-----\nMIIEowIBAAKCAQEAwf3GxGn/TVothZrqz1Vzq/6euRm2NEPV8R/sqYUkyzRvLZfP\nyBwe7YjpSNexE4XWhecJNc10AVl2LYgEaXz6hY0DOdXbKZfJSaGdYj2FKIz5/uUc\nOnZ5pEc+jN8KBZ5wK8avBF8d8sj1gMt+B78kYW48IGVvY0vLT8EY4IAzKd01OXIg\nc1JLdkjmjyyAJe5Z1yTFh1k9D17SLv1b/uP8JWwkgtqD07ODvJcuCyr7GQvKDilc\n7imAXf5DfUXju/Lsg/Shjn9CNgtSsS49CvJDuT22dqCEUG7FM3wmmSASLTKFwMSW\nqg1WuYy2KLFn/2U4TJWMi4dZP2w1XRjL6luWzQIDAQABAoIBAC1+HwPmu6lfMXe4\nicJPjs3R61ULM5B0LBLc4roqcCN7S2tMw7xw48vepJ6hfnROma1TLfTBFqhOW4l3\n8Vjvpyx0kkIY5cmOP/UVgnwMY1LMJMBi6EjJieM9leyhTY9dxX5unJKQ38wU1oX6\nsraMW7LBkDYks4d8udQdO4FCbz0sqqcq3XAC3E8AJ9OPK9oVtHLA8nBbFOz56Pp8\nsrqCcbgkzKQmKEXO+xSwRUczOEaKWmQ+8jWnNZD+Gfc4J7d3dQb4g76wwAoHkydp\nX9xtGS2QE1FFe6xiwZb7taHT2B52wBN5A60eSwI5ktpwglUkkQL1Rhimw7D/ErTp\nMJ9r0+ECgYEAw258LdVdoQtLqqN0n2YKr/bEwUBuy+ZCIDxjE+TEEXWgMs/xVmno\nBda0PsNqO9JVNX2BrT6Yqs0RR4pwu3c9CUDQtDtDpxWeEFseVYAtuTsL32CozFns\nUFYkRrG1hDv1mta8+C6YQOqmmbtEp8sdqga95JZk+PtE7cILdujHH9kCgYEA/h0F\nS5mrgNP0CtZuR+bKYtxFWIXJdOhNhGrwAtsXkVzR6TAkDXMAfvPwZN7F1hVhsqdz\n5HHlGQ55b5eVh2tAboHC435/zciziBQxIWUS5tPsbs7Lx1KhvROfhbsvKCWXwWKB\n9il4+xT2+7JHRsw9/fthm5DpeGfz+zvo2DPTihUCgYBplLEF2fWhYYbZg0EoNGql\nsf2OIg85nQYwgC9OuhKrFA8eJHVPqBuvu9TY653i/7kFEu8R93VnIS6qpcJNpReW\nfivCkxnzlJw2XeO/cWZCYgICBihrblFa/Y7PmoZkEDiaFFU3B4U93Qdwmll3BSbb\nipTgf9fBI46TnHexIAUj0QKBgCByNCrjBDL+3TpFBu/HWDAnT/Ntobt7reoqfVrf\n/rJg16yeqPvOo1GSdC9tAnXDZSYam4GfyVDZuEe3YzBXUXLKvsetb0QnTEUjzuIk\ntbUjehzr6rkYo+4wgz3gGLVXl3jpyw5TXU8x7hdVPCSeD4xOfLgQWL83BsAddi2k\n8G3BAoGBALW4aPT0Qp2izEPxqCIz1YggT+/aYz60V4c2gywIcsAbRyGOu45DrUyU\nLRl0rLc/HE1SiXWLVKVMiX657iJyCcIC253NV70+a08DJrHvdKziAVn5h2aeHmXy\n96OD6NZXpcoNJMqK9ur4xlqev6getpyUqDjNu1oZXbK9rcbqFuGB\n-----END RSA PRIVATE KEY-----\n",
            "private_key_pem_pkcs8": "-----BEGIN PRIVATE KEY-----\nMIIEvQIBADANBgkqhkiG9w0BAQEFAASCBKcwggSjAgEAAoIBAQDB/cbEaf9NWi2F\nmurPVXOr/p65GbY0Q9XxH+yphSTLNG8tl8/IHB7tiOlI17EThdaF5wk1zXQBWXYt\niARpfPqFjQM51dspl8lJoZ1iPYUojPn+5Rw6dnmkRz6M3woFnnArxq8EXx3yyPWA\ny34HvyRhbjwgZW9jS8tPwRjggDMp3TU5ciBzUkt2SOaPLIAl7lnXJMWHWT0PXtIu\n/Vv+4/wlbCSC2oPTs4O8ly4LKvsZC8oOKVzuKYBd/kN9ReO78uyD9KGOf0I2C1Kx\nLj0K8kO5PbZ2oIRQbsUzfCaZIBItMoXAxJaqDVa5jLYosWf/ZThMlYyLh1k/bDVd\nGMvqW5bNAgMBAAECggEALX4fA+a7qV8xd7iJwk+OzdHrVQszkHQsEtziuipwI3tL\na0zDvHDjy96knqF+dE6ZrVMt9MEWqE5biXfxWO+nLHSSQhjlyY4/9RWCfAxjUswk\nwGLoSMmJ4z2V7KFNj13Ffm6ckpDfzBTWhfqytoxbssGQNiSzh3y51B07gUJvPSyq\npyrdcALcTwAn048r2hW0csDycFsU7Pno+nyyuoJxuCTMpCYoRc77FLBFRzM4Ropa\nZD7yNac1kP4Z9zgnt3d1BviDvrDACgeTJ2lf3G0ZLZATUUV7rGLBlvu1odPYHnbA\nE3kDrR5LAjmS2nCCVSSRAvVGGKbDsP8StOkwn2vT4QKBgQDDbnwt1V2hC0uqo3Sf\nZgqv9sTBQG7L5kIgPGMT5MQRdaAyz/FWaegF1rQ+w2o70lU1fYGtPpiqzRFHinC7\ndz0JQNC0O0OnFZ4QWx5VgC25OwvfYKjMWexQViRGsbWEO/Wa1rz4LphA6qaZu0Sn\nyx2qBr3klmT4+0Ttwgt26Mcf2QKBgQD+HQVLmauA0/QK1m5H5spi3EVYhcl06E2E\navAC2xeRXNHpMCQNcwB+8/Bk3sXWFWGyp3PkceUZDnlvl5WHa0BugcLjfn/NyLOI\nFDEhZRLm0+xuzsvHUqG9E5+Fuy8oJZfBYoH2KXj7FPb7skdGzD39+2GbkOl4Z/P7\nO+jYM9OKFQKBgGmUsQXZ9aFhhtmDQSg0aqWx/Y4iDzmdBjCAL066EqsUDx4kdU+o\nG6+71NjrneL/uQUS7xH3dWchLqqlwk2lF5Z+K8KTGfOUnDZd479xZkJiAgIGKGtu\nUVr9js+ahmQQOJoUVTcHhT3dB3CaWXcFJtuKlOB/18EjjpOcd7EgBSPRAoGAIHI0\nKuMEMv7dOkUG78dYMCdP822hu3ut6ip9Wt/+smDXrJ6o+86jUZJ0L20CdcNlJhqb\ngZ/JUNm4R7djMFdRcsq+x61vRCdMRSPO4iS1tSN6HOvquRij7jCDPeAYtVeXeOnL\nDlNdTzHuF1U8JJ4PjE58uBBYvzcGwB12LaTwbcECgYEAtbho9PRCnaLMQ/GoIjPV\niCBP79pjPrRXhzaDLAhywBtHIY67jkOtTJQtGXSstz8cTVKJdYtUpUyJfrnuInIJ\nwgLbnc1XvT5rTwMmse90rOIBWfmHZp4eZfL3o4Po1lelyg0kyor26vjGWp6/qB62\nnJSoOM27Whldsr2txuoW4YE=\n-----END PRIVATE KEY-----\n",
            "public_key_fingerprint_md5": "07:e6:ea:1b:89:09:08:ad:20:82:55:d0:8e:16:24:d9",
            "public_key_fingerprint_sha256": "SHA256:U7wGQSdl5+FJGPSn2rxlOw7bQScpC8goICJKjqI06Hc",
            "public_key_openssh": "ssh-rsa AAAAB3NzaC1yc2EAAAADAQABAAABAQDB/cbEaf9NWi2FmurPVXOr/p65GbY0Q9XxH+yphSTLNG8tl8/IHB7tiOlI17EThdaF5wk1zXQBWXYtiARpfPqFjQM51dspl8lJoZ1iPYUojPn+5Rw6dnmkRz6M3woFnnArxq8EXx3yyPWAy34HvyRhbjwgZW9jS8tPwRjggDMp3TU5ciBzUkt2SOaPLIAl7lnXJMWHWT0PXtIu/Vv+4/wlbCSC2oPTs4O8ly4LKvsZC8oOKVzuKYBd/kN9ReO78uyD9KGOf0I2C1KxLj0K8kO5PbZ2oIRQbsUzfCaZIBItMoXAxJaqDVa5jLYosWf/ZThMlYyLh1k/bDVdGMvqW5bN\n",
            "public_key_pem": "-----BEGIN PUBLIC KEY-----\nMIIBIjANBgkqhkiG9w0BAQEFAAOCAQ8AMIIBCgKCAQEAwf3GxGn/TVothZrqz1Vz\nq/6euRm2NEPV8R/sqYUkyzRvLZfPyBwe7YjpSNexE4XWhecJNc10AVl2LYgEaXz6\nhY0DOdXbKZfJSaGdYj2FKIz5/uUcOnZ5pEc+jN8KBZ5wK8avBF8d8sj1gMt+B78k\nYW48IGVvY0vLT8EY4IAzKd01OXIgc1JLdkjmjyyAJe5Z1yTFh1k9D17SLv1b/uP8\nJWwkgtqD07ODvJcuCyr7GQvKDilc7imAXf5DfUXju/Lsg/Shjn9CNgtSsS49CvJD\nuT22dqCEUG7FM3wmmSASLTKFwMSWqg1WuYy2KLFn/2U4TJWMi4dZP2w1XRjL6luW\nzQIDAQAB\n-----END PUBLIC KEY-----\n",
            "rsa_bits": 2048
          },
          "sensitive_attributes": [
            [
              {
                "type": "get_attr",
                "value": "private_key_openssh"
              }
            ],
            [
              {
                "type": "get_attr",
                "value": "private_key_pem_pkcs8"
              }
            ],
            [
              {
                "type": "get_attr",
                "value": "private_key_pem"
              }
            ]
          ]
        }
      ]
    }
  ],
  "check_results": null
}
